
Microsoft Visual Studio Solution File, Format Version 12.00
# Visual Studio Version 17
VisualStudioVersion = 17.14.36109.1 d17.14
MinimumVisualStudioVersion = 10.0.40219.1
Project("{FAE04EC0-301F-11D3-BF4B-00C04F79EFBC}") = "Appointment _Booking _System", "Appointment _Booking _System\Appointment _Booking _System.csproj", "{2FFDF434-F787-4312-8C9A-EEFC15F6F551}"
EndProject
Global
	GlobalSection(SolutionConfigurationPlatforms) = preSolution
		Debug|Any CPU = Debug|Any CPU
		Release|Any CPU = Release|Any CPU
	EndGlobalSection
	GlobalSection(ProjectConfigurationPlatforms) = postSolution
		{2FFDF434-F787-4312-8C9A-EEFC15F6F551}.Debug|Any CPU.ActiveCfg = Debug|Any CPU
		{2FFDF434-F787-4312-8C9A-EEFC15F6F551}.Debug|Any CPU.Build.0 = Debug|Any CPU
		{2FFDF434-F787-4312-8C9A-EEFC15F6F551}.Release|Any CPU.ActiveCfg = Release|Any CPU
		{2FFDF434-F787-4312-8C9A-EEFC15F6F551}.Release|Any CPU.Build.0 = Release|Any CPU
	EndGlobalSection
	GlobalSection(SolutionProperties) = preSolution
		HideSolutionNode = FALSE
	EndGlobalSection
	GlobalSection(ExtensibilityGlobals) = postSolution
		SolutionGuid = {66C3C484-06E6-42FE-AA05-81D87B3E8BE7}
	EndGlobalSection
EndGlobal
